
Microsoft Visual Studio Solution File, Format Version 12.00
# Visual Studio Version 17
VisualStudioVersion = 17.5.33516.290
MinimumVisualStudioVersion = 10.0.40219.1
Project("{FAE04EC0-301F-11D3-BF4B-00C04F79EFBC}") = "BusinessObject", "BusinessObject\BusinessObject.csproj", "{640F6688-FEE1-45ED-A9AA-57CE0CCB4181}"
EndProject
Global
	GlobalSection(SolutionConfigurationPlatforms) = preSolution
		Debug|Any CPU = Debug|Any CPU
		Release|Any CPU = Release|Any CPU
	EndGlobalSection
	GlobalSection(ProjectConfigurationPlatforms) = postSolution
		{640F6688-FEE1-45ED-A9AA-57CE0CCB4181}.Debug|Any CPU.ActiveCfg = Debug|Any CPU
		{640F6688-FEE1-45ED-A9AA-57CE0CCB4181}.Debug|Any CPU.Build.0 = Debug|Any CPU
		{640F6688-FEE1-45ED-A9AA-57CE0CCB4181}.Release|Any CPU.ActiveCfg = Release|Any CPU
		{640F6688-FEE1-45ED-A9AA-57CE0CCB4181}.Release|Any CPU.Build.0 = Release|Any CPU
	EndGlobalSection
	GlobalSection(SolutionProperties) = preSolution
		HideSolutionNode = FALSE
	EndGlobalSection
	GlobalSection(ExtensibilityGlobals) = postSolution
		SolutionGuid = {8C84B8A8-823B-4E93-AFF8-5383584DFB47}
	EndGlobalSection
EndGlobal
